
Microsoft Visual Studio Solution File, Format Version 11.00
# Visual Studio 2010
Project("{FAE04EC0-301F-11D3-BF4B-00C04F79EFBC}") = "Assembly-CSharp", "Assembly-CSharp.csproj", "{332c1901-2e72-ecfb-3733-7c8eb4a2f695}"
EndProject
Project("{FAE04EC0-301F-11D3-BF4B-00C04F79EFBC}") = "Assembly-CSharp-Editor", "Assembly-CSharp-Editor.csproj", "{ac826338-5b39-c43a-3bdc-f5df3ddfb04b}"
EndProject
Global
	GlobalSection(SolutionConfigurationPlatforms) = preSolution
		Debug|Any CPU = Debug|Any CPU
	EndGlobalSection
	GlobalSection(ProjectConfigurationPlatforms) = postSolution
		{332c1901-2e72-ecfb-3733-7c8eb4a2f695}.Debug|Any CPU.ActiveCfg = Debug|Any CPU
		{332c1901-2e72-ecfb-3733-7c8eb4a2f695}.Debug|Any CPU.Build.0 = Debug|Any CPU
		{ac826338-5b39-c43a-3bdc-f5df3ddfb04b}.Debug|Any CPU.ActiveCfg = Debug|Any CPU
		{ac826338-5b39-c43a-3bdc-f5df3ddfb04b}.Debug|Any CPU.Build.0 = Debug|Any CPU
	EndGlobalSection
	GlobalSection(SolutionProperties) = preSolution
		HideSolutionNode = FALSE
	EndGlobalSection
EndGlobal
